// !$*UTF8*$!
{
	archiveVersion = 1;
	classes = {
	};
	objectVersion = 46;
	objects = {

/* Begin PBXBuildFile section */
		A50425891DE0CA7C008C5F18 /* main.m in Sources */ = {isa = PBXBuildFile; fileRef = A50425881DE0CA7C008C5F18 /* main.m */; };
		A504258C1DE0CA7C008C5F18 /* AppDelegate.m in Sources */ = {isa = PBXBuildFile; fileRef = A504258B1DE0CA7C008C5F18 /* AppDelegate.m */; };
		A504258F1DE0CA7C008C5F18 /* ViewController.m in Sources */ = {isa = PBXBuildFile; fileRef = A504258E1DE0CA7C008C5F18 /* ViewController.m */; };
		A50425921DE0CA7C008C5F18 /* Main.storyboard in Resources */ = {isa = PBXBuildFile; fileRef = A50425901DE0CA7C008C5F18 /* Main.storyboard */; };
		A50425941DE0CA7C008C5F18 /* Assets.xcassets in Resources */ = {isa = PBXBuildFile; fileRef = A50425931DE0CA7C008C5F18 /* Assets.xcassets */; };
		A50425971DE0CA7C008C5F18 /* LaunchScreen.storyboard in Resources */ = {isa = PBXBuildFile; fileRef = A50425951DE0CA7C008C5F18 /* LaunchScreen.storyboard */; };
		A50425A01DE0CBB9008C5F18 /* HypnosisView.m in Sources */ = {isa = PBXBuildFile; fileRef = A504259F1DE0CBB9008C5F18 /* HypnosisView.m */; };
		A52B5DDF1DE203F000172B04 /* ReminderViewController.m in Sources */ = {isa = PBXBuildFile; fileRef = A52B5DDD1DE203F000172B04 /* ReminderViewController.m */; };
		A52B5DE01DE203F000172B04 /* ReminderViewController.xib in Resources */ = {isa = PBXBuildFile; fileRef = A52B5DDE1DE203F000172B04 /* ReminderViewController.xib */; };
		A52B5DE61DE20E0900172B04 /* Hypno.png in Resources */ = {isa = PBXBuildFile; fileRef = A52B5DE21DE20E0900172B04 /* Hypno.png */; };
		A52B5DE71DE20E0900172B04 /* Hypno@2x.png in Resources */ = {isa = PBXBuildFile; fileRef = A52B5DE31DE20E0900172B04 /* Hypno@2x.png */; };
		A52B5DE81DE20E0900172B04 /* Time.png in Resources */ = {isa = PBXBuildFile; fileRef = A52B5DE41DE20E0900172B04 /* Time.png */; };
		A52B5DE91DE20E0900172B04 /* Time@2x.png in Resources */ = {isa = PBXBuildFile; fileRef = A52B5DE51DE20E0900172B04 /* Time@2x.png */; };
		A52B5DF11DE2211500172B04 /* QuizViewController.m in Sources */ = {isa = PBXBuildFile; fileRef = A52B5DEF1DE2211500172B04 /* QuizViewController.m */; };
		A52B5DF21DE2211500172B04 /* QuizViewController.xib in Resources */ = {isa = PBXBuildFile; fileRef = A52B5DF01DE2211500172B04 /* QuizViewController.xib */; };
/* End PBXBuildFile section */

/* Begin PBXFileReference section */
		A50425841DE0CA7C008C5F18 /* HypnoNerd.app */ = {isa = PBXFileReference; explicitFileType = wrapper.application; includeInIndex = 0; path = HypnoNerd.app; sourceTree = BUILT_PRODUCTS_DIR; };
		A50425881DE0CA7C008C5F18 /* main.m */ = {isa = PBXFileReference; lastKnownFileType = sourcecode.c.objc; path = main.m; sourceTree = "<group>"; };
		A504258A1DE0CA7C008C5F18 /* AppDelegate.h */ = {isa = PBXFileReference; lastKnownFileType = sourcecode.c.h; path = AppDelegate.h; sourceTree = "<group>"; };
		A504258B1DE0CA7C008C5F18 /* AppDelegate.m */ = {isa = PBXFileReference; lastKnownFileType = sourcecode.c.objc; path = AppDelegate.m; sourceTree = "<group>"; };
		A504258D1DE0CA7C008C5F18 /* ViewController.h */ = {isa = PBXFileReference; lastKnownFileType = sourcecode.c.h; path = ViewController.h; sourceTree = "<group>"; };
		A504258E1DE0CA7C008C5F18 /* ViewController.m */ = {isa = PBXFileReference; lastKnownFileType = sourcecode.c.objc; path = ViewController.m; sourceTree = "<group>"; };
		A50425911DE0CA7C008C5F18 /* Base */ = {isa = PBXFileReference; lastKnownFileType = file.storyboard; name = Base; path = Base.lproj/Main.storyboard; sourceTree = "<group>"; };
		A50425931DE0CA7C008C5F18 /* Assets.xcassets */ = {isa = PBXFileReference; lastKnownFileType = folder.assetcatalog; path = Assets.xcassets; sourceTree = "<group>"; };
		A50425961DE0CA7C008C5F18 /* Base */ = {isa = PBXFileReference; lastKnownFileType = file.storyboard; name = Base; path = Base.lproj/LaunchScreen.storyboard; sourceTree = "<group>"; };
		A50425981DE0CA7C008C5F18 /* Info.plist */ = {isa = PBXFileReference; lastKnownFileType = text.plist.xml; path = Info.plist; sourceTree = "<group>"; };
		A504259E1DE0CBB9008C5F18 /* HypnosisView.h */ = {isa = PBXFileReference; fileEncoding = 4; lastKnownFileType = sourcecode.c.h; path = HypnosisView.h; sourceTree = "<group>"; };
		A504259F1DE0CBB9008C5F18 /* HypnosisView.m */ = {isa = PBXFileReference; fileEncoding = 4; lastKnownFileType = sourcecode.c.objc; path = HypnosisView.m; sourceTree = "<group>"; };
		A52B5DDC1DE203F000172B04 /* ReminderViewController.h */ = {isa = PBXFileReference; fileEncoding = 4; lastKnownFileType = sourcecode.c.h; path = ReminderViewController.h; sourceTree = "<group>"; };
		A52B5DDD1DE203F000172B04 /* ReminderViewController.m */ = {isa = PBXFileReference; fileEncoding = 4; lastKnownFileType = sourcecode.c.objc; path = ReminderViewController.m; sourceTree = "<group>"; };
		A52B5DDE1DE203F000172B04 /* ReminderViewController.xib */ = {isa = PBXFileReference; fileEncoding = 4; lastKnownFileType = file.xib; path = ReminderViewController.xib; sourceTree = "<group>"; };
		A52B5DE21DE20E0900172B04 /* Hypno.png */ = {isa = PBXFileReference; lastKnownFileType = image.png; name = Hypno.png; path = "../../../../../../Downloads/Solutions/00-Resources/Hypno.png"; sourceTree = "<group>"; };
		A52B5DE31DE20E0900172B04 /* Hypno@2x.png */ = {isa = PBXFileReference; lastKnownFileType = image.png; name = "Hypno@2x.png"; path = "../../../../../../Downloads/Solutions/00-Resources/Hypno@2x.png"; sourceTree = "<group>"; };
		A52B5DE41DE20E0900172B04 /* Time.png */ = {isa = PBXFileReference; lastKnownFileType = image.png; name = Time.png; path = "../../../../../../Downloads/Solutions/00-Resources/Time.png"; sourceTree = "<group>"; };
		A52B5DE51DE20E0900172B04 /* Time@2x.png */ = {isa = PBXFileReference; lastKnownFileType = image.png; name = "Time@2x.png"; path = "../../../../../../Downloads/Solutions/00-Resources/Time@2x.png"; sourceTree = "<group>"; };
		A52B5DEE1DE2211500172B04 /* QuizViewController.h */ = {isa = PBXFileReference; fileEncoding = 4; lastKnownFileType = sourcecode.c.h; name = QuizViewController.h; path = Quiz/QuizViewController.h; sourceTree = "<group>"; };
		A52B5DEF1DE2211500172B04 /* QuizViewController.m */ = {isa = PBXFileReference; fileEncoding = 4; lastKnownFileType = sourcecode.c.objc; name = QuizViewController.m; path = Quiz/QuizViewController.m; sourceTree = "<group>"; };
		A52B5DF01DE2211500172B04 /* QuizViewController.xib */ = {isa = PBXFileReference; fileEncoding = 4; lastKnownFileType = file.xib; name = QuizViewController.xib; path = Quiz/QuizViewController.xib; sourceTree = "<group>"; };
/* End PBXFileReference section */

/* Begin PBXFrameworksBuildPhase section */
		A50425811DE0CA7C008C5F18 /* Frameworks */ = {
			isa = PBXFrameworksBuildPhase;
			buildActionMask = 2147483647;
			files = (
			);
			runOnlyForDeploymentPostprocessing = 0;
		};
/* End PBXFrameworksBuildPhase section */

/* Begin PBXGroup section */
		A504257B1DE0CA7C008C5F18 = {
			isa = PBXGroup;
			children = (
				A50425851DE0CA7C008C5F18 /* Products */,
				A50425861DE0CA7C008C5F18 /* HypnoNerd */,
			);
			sourceTree = "<group>";
		};
		A50425851DE0CA7C008C5F18 /* Products */ = {
			isa = PBXGroup;
			children = (
				A50425841DE0CA7C008C5F18 /* HypnoNerd.app */,
			);
			name = Products;
			sourceTree = "<group>";
		};
		A50425861DE0CA7C008C5F18 /* HypnoNerd */ = {
			isa = PBXGroup;
			children = (
				A52B5DFD1DE2254E00172B04 /* SegmentedControl */,
				A504258D1DE0CA7C008C5F18 /* ViewController.h */,
				A504258E1DE0CA7C008C5F18 /* ViewController.m */,
				A52B5DED1DE2210000172B04 /* Quiz */,
				A52B5DE11DE20DE700172B04 /* images */,
				A504259E1DE0CBB9008C5F18 /* HypnosisView.h */,
				A504259F1DE0CBB9008C5F18 /* HypnosisView.m */,
				A504258A1DE0CA7C008C5F18 /* AppDelegate.h */,
				A504258B1DE0CA7C008C5F18 /* AppDelegate.m */,
				A50425901DE0CA7C008C5F18 /* Main.storyboard */,
				A50425931DE0CA7C008C5F18 /* Assets.xcassets */,
				A50425951DE0CA7C008C5F18 /* LaunchScreen.storyboard */,
				A50425981DE0CA7C008C5F18 /* Info.plist */,
				A50425871DE0CA7C008C5F18 /* Supporting Files */,
				A52B5DDC1DE203F000172B04 /* ReminderViewController.h */,
				A52B5DDD1DE203F000172B04 /* ReminderViewController.m */,
				A52B5DDE1DE203F000172B04 /* ReminderViewController.xib */,
			);
			path = HypnoNerd;
			sourceTree = "<group>";
		};
		A50425871DE0CA7C008C5F18 /* Supporting Files */ = {
			isa = PBXGroup;
			children = (
				A50425881DE0CA7C008C5F18 /* main.m */,
			);
			name = "Supporting Files";
			sourceTree = "<group>";
		};
		A52B5DE11DE20DE700172B04 /* images */ = {
			isa = PBXGroup;
			children = (
				A52B5DE21DE20E0900172B04 /* Hypno.png */,
				A52B5DE31DE20E0900172B04 /* Hypno@2x.png */,
				A52B5DE41DE20E0900172B04 /* Time.png */,
				A52B5DE51DE20E0900172B04 /* Time@2x.png */,
			);
			name = images;
			sourceTree = "<group>";
		};
		A52B5DED1DE2210000172B04 /* Quiz */ = {
			isa = PBXGroup;
			children = (
				A52B5DEE1DE2211500172B04 /* QuizViewController.h */,
				A52B5DEF1DE2211500172B04 /* QuizViewController.m */,
				A52B5DF01DE2211500172B04 /* QuizViewController.xib */,
			);
			name = Quiz;
			sourceTree = "<group>";
		};
		A52B5DFD1DE2254E00172B04 /* SegmentedControl */ = {
			isa = PBXGroup;
			children = (
			);
			name = SegmentedControl;
			sourceTree = "<group>";
		};
/* End PBXGroup section */

/* Begin PBXNativeTarget section */
		A50425831DE0CA7C008C5F18 /* HypnoNerd */ = {
			isa = PBXNativeTarget;
			buildConfigurationList = A504259B1DE0CA7C008C5F18 /* Build configuration list for PBXNativeTarget "HypnoNerd" */;
			buildPhases = (
				A50425801DE0CA7C008C5F18 /* Sources */,
				A50425811DE0CA7C008C5F18 /* Frameworks */,
				A50425821DE0CA7C008C5F18 /* Resources */,
			);
			buildRules = (
			);
			dependencies = (
			);
			name = HypnoNerd;
			productName = HypnoNerd;
			productReference = A50425841DE0CA7C008C5F18 /* HypnoNerd.app */;
			productType = "com.apple.product-type.application";
		};
/* End PBXNativeTarget section */

/* Begin PBXProject section */
		A504257C1DE0CA7C008C5F18 /* Project object */ = {
			isa = PBXProject;
			attributes = {
				LastUpgradeCheck = 0810;
				ORGANIZATIONNAME = NodeX;
				TargetAttributes = {
					A50425831DE0CA7C008C5F18 = {
						CreatedOnToolsVersion = 8.1;
						DevelopmentTeam = TZ4M84ZU82;
						ProvisioningStyle = Automatic;
					};
				};
			};
			buildConfigurationList = A504257F1DE0CA7C008C5F18 /* Build configuration list for PBXProject "HypnoNerd" */;
			compatibilityVersion = "Xcode 3.2";
			developmentRegion = English;
			hasScannedForEncodings = 0;
			knownRegions = (
				en,
				Base,
			);
			mainGroup = A504257B1DE0CA7C008C5F18;
			productRefGroup = A50425851DE0CA7C008C5F18 /* Products */;
			projectDirPath = "";
			projectRoot = "";
			targets = (
				A50425831DE0CA7C008C5F18 /* HypnoNerd */,
			);
		};
/* End PBXProject section */

/* Begin PBXResourcesBuildPhase section */
		A50425821DE0CA7C008C5F18 /* Resources */ = {
			isa = PBXResourcesBuildPhase;
			buildActionMask = 2147483647;
			files = (
				A52B5DE01DE203F000172B04 /* ReminderViewController.xib in Resources */,
				A50425971DE0CA7C008C5F18 /* LaunchScreen.storyboard in Resources */,
				A52B5DE81DE20E0900172B04 /* Time.png in Resources */,
				A50425941DE0CA7C008C5F18 /* Assets.xcassets in Resources */,
				A52B5DF21DE2211500172B04 /* QuizViewController.xib in Resources */,
				A52B5DE71DE20E0900172B04 /* Hypno@2x.png in Resources */,
				A50425921DE0CA7C008C5F18 /* Main.storyboard in Resources */,
				A52B5DE61DE20E0900172B04 /* Hypno.png in Resources */,
				A52B5DE91DE20E0900172B04 /* Time@2x.png in Resources */,
			);
			runOnlyForDeploymentPostprocessing = 0;
		};
/* End PBXResourcesBuildPhase section */

/* Begin PBXSourcesBuildPhase section */
		A50425801DE0CA7C008C5F18 /* Sources */ = {
			isa = PBXSourcesBuildPhase;
			buildActionMask = 2147483647;
			files = (
				A504258F1DE0CA7C008C5F18 /* ViewController.m in Sources */,
				A50425A01DE0CBB9008C5F18 /* HypnosisView.m in Sources */,
				A504258C1DE0CA7C008C5F18 /* AppDelegate.m in Sources */,
				A50425891DE0CA7C008C5F18 /* main.m in Sources */,
				A52B5DDF1DE203F000172B04 /* ReminderViewController.m in Sources */,
				A52B5DF11DE2211500172B04 /* QuizViewController.m in Sources */,
			);
			runOnlyForDeploymentPostprocessing = 0;
		};
/* End PBXSourcesBuildPhase section */

/* Begin PBXVariantGroup section */
		A50425901DE0CA7C008C5F18 /* Main.storyboard */ = {
			isa = PBXVariantGroup;
			children = (
				A50425911DE0CA7C008C5F18 /* Base */,
			);
			name = Main.storyboard;
			sourceTree = "<group>";
		};
		A50425951DE0CA7C008C5F18 /* LaunchScreen.storyboard */ = {
			isa = PBXVariantGroup;
			children = (
				A50425961DE0CA7C008C5F18 /* Base */,
			);
			name = LaunchScreen.storyboard;
			sourceTree = "<group>";
		};
/* End PBXVariantGroup section */

/* Begin XCBuildConfiguration section */
		A50425991DE0CA7C008C5F18 /* Debug */ = {
			isa = XCBuildConfiguration;
			buildSettings = {
				ALWAYS_SEARCH_USER_PATHS = NO;
				CLANG_ANALYZER_NONNULL = YES;
				CLANG_CXX_LANGUAGE_STANDARD = "gnu++0x";
				CLANG_CXX_LIBRARY = "libc++";
				CLANG_ENABLE_MODULES = YES;
				CLANG_ENABLE_OBJC_ARC = YES;
				CLANG_WARN_BOOL_CONVERSION = YES;
				CLANG_WARN_CONSTANT_CONVERSION = YES;
				CLANG_WARN_DIRECT_OBJC_ISA_USAGE = YES_ERROR;
				CLANG_WARN_DOCUMENTATION_COMMENTS = YES;
				CLANG_WARN_EMPTY_BODY = YES;
				CLANG_WARN_ENUM_CONVERSION = YES;
				CLANG_WARN_INFINITE_RECURSION = YES;
				CLANG_WARN_INT_CONVERSION = YES;
				CLANG_WARN_OBJC_ROOT_CLASS = YES_ERROR;
				CLANG_WARN_SUSPICIOUS_MOVES = YES;
				CLANG_WARN_UNREACHABLE_CODE = YES;
				CLANG_WARN__DUPLICATE_METHOD_MATCH = YES;
				"CODE_SIGN_IDENTITY[sdk=iphoneos*]" = "iPhone Developer";
				COPY_PHASE_STRIP = NO;
				DEBUG_INFORMATION_FORMAT = dwarf;
				ENABLE_STRICT_OBJC_MSGSEND = YES;
				ENABLE_TESTABILITY = YES;
				GCC_C_LANGUAGE_STANDARD = gnu99;
				GCC_DYNAMIC_NO_PIC = NO;
				GCC_NO_COMMON_BLOCKS = YES;
				GCC_OPTIMIZATION_LEVEL = 0;
				GCC_PREPROCESSOR_DEFINITIONS = (
					"DEBUG=1",
					"$(inherited)",
				);
				GCC_WARN_64_TO_32_BIT_CONVERSION = YES;
				GCC_WARN_ABOUT_RETURN_TYPE = YES_ERROR;
				GCC_WARN_UNDECLARED_SELECTOR = YES;
				GCC_WARN_UNINITIALIZED_AUTOS = YES_AGGRESSIVE;
				GCC_WARN_UNUSED_FUNCTION = YES;
				GCC_WARN_UNUSED_VARIABLE = YES;
				IPHONEOS_DEPLOYMENT_TARGET = 10.1;
				MTL_ENABLE_DEBUG_INFO = YES;
				ONLY_ACTIVE_ARCH = YES;
				SDKROOT = iphoneos;
				TARGETED_DEVICE_FAMILY = "1,2";
			};
			name = Debug;
		};
		A504259A1DE0CA7C008C5F18 /* Release */ = {
			isa = XCBuildConfiguration;
			buildSettings = {
				ALWAYS_SEARCH_USER_PATHS = NO;
				CLANG_ANALYZER_NONNULL = YES;
				CLANG_CXX_LANGUAGE_STANDARD = "gnu++0x";
				CLANG_CXX_LIBRARY = "libc++";
				CLANG_ENABLE_MODULES = YES;
				CLANG_ENABLE_OBJC_ARC = YES;
				CLANG_WARN_BOOL_CONVERSION = YES;
				CLANG_WARN_CONSTANT_CONVERSION = YES;
				CLANG_WARN_DIRECT_OBJC_ISA_USAGE = YES_ERROR;
				CLANG_WARN_DOCUMENTATION_COMMENTS = YES;
				CLANG_WARN_EMPTY_BODY = YES;
				CLANG_WARN_ENUM_CONVERSION = YES;
				CLANG_WARN_INFINITE_RECURSION = YES;
				CLANG_WARN_INT_CONVERSION = YES;
				CLANG_WARN_OBJC_ROOT_CLASS = YES_ERROR;
				CLANG_WARN_SUSPICIOUS_MOVES = YES;
				CLANG_WARN_UNREACHABLE_CODE = YES;
				CLANG_WARN__DUPLICATE_METHOD_MATCH = YES;
				"CODE_SIGN_IDENTITY[sdk=iphoneos*]" = "iPhone Developer";
				COPY_PHASE_STRIP = NO;
				DEBUG_INFORMATION_FORMAT = "dwarf-with-dsym";
				ENABLE_NS_ASSERTIONS = NO;
				ENABLE_STRICT_OBJC_MSGSEND = YES;
				GCC_C_LANGUAGE_STANDARD = gnu99;
				GCC_NO_COMMON_BLOCKS = YES;
				GCC_WARN_64_TO_32_BIT_CONVERSION = YES;
				GCC_WARN_ABOUT_RETURN_TYPE = YES_ERROR;
				GCC_WARN_UNDECLARED_SELECTOR = YES;
				GCC_WARN_UNINITIALIZED_AUTOS = YES_AGGRESSIVE;
				GCC_WARN_UNUSED_FUNCTION = YES;
				GCC_WARN_UNUSED_VARIABLE = YES;
				IPHONEOS_DEPLOYMENT_TARGET = 10.1;
				MTL_ENABLE_DEBUG_INFO = NO;
				SDKROOT = iphoneos;
				TARGETED_DEVICE_FAMILY = "1,2";
				VALIDATE_PRODUCT = YES;
			};
			name = Release;
		};
		A504259C1DE0CA7C008C5F18 /* Debug */ = {
			isa = XCBuildConfiguration;
			buildSettings = {
				ASSETCATALOG_COMPILER_APPICON_NAME = AppIcon;
				DEVELOPMENT_TEAM = TZ4M84ZU82;
				INFOPLIST_FILE = HypnoNerd/Info.plist;
				LD_RUNPATH_SEARCH_PATHS = "$(inherited) @executable_path/Frameworks";
				PRODUCT_BUNDLE_IDENTIFIER = me.nodex.HypnoNerd;
				PRODUCT_NAME = "$(TARGET_NAME)";
			};
			name = Debug;
		};
		A504259D1DE0CA7C008C5F18 /* Release */ = {
			isa = XCBuildConfiguration;
			buildSettings = {
				ASSETCATALOG_COMPILER_APPICON_NAME = AppIcon;
				DEVELOPMENT_TEAM = TZ4M84ZU82;
				INFOPLIST_FILE = HypnoNerd/Info.plist;
				LD_RUNPATH_SEARCH_PATHS = "$(inherited) @executable_path/Frameworks";
				PRODUCT_BUNDLE_IDENTIFIER = me.nodex.HypnoNerd;
				PRODUCT_NAME = "$(TARGET_NAME)";
			};
			name = Release;
		};
/* End XCBuildConfiguration section */

/* Begin XCConfigurationList section */
		A504257F1DE0CA7C008C5F18 /* Build configuration list for PBXProject "HypnoNerd" */ = {
			isa = XCConfigurationList;
			buildConfigurations = (
				A50425991DE0CA7C008C5F18 /* Debug */,
				A504259A1DE0CA7C008C5F18 /* Release */,
			);
			defaultConfigurationIsVisible = 0;
			defaultConfigurationName = Release;
		};
		A504259B1DE0CA7C008C5F18 /* Build configuration list for PBXNativeTarget "HypnoNerd" */ = {
			isa = XCConfigurationList;
			buildConfigurations = (
				A504259C1DE0CA7C008C5F18 /* Debug */,
				A504259D1DE0CA7C008C5F18 /* Release */,
			);
			defaultConfigurationIsVisible = 0;
			defaultConfigurationName = Release;
		};
/* End XCConfigurationList section */
	};
	rootObject = A504257C1DE0CA7C008C5F18 /* Project object */;
}
